
Microsoft Visual Studio Solution File, Format Version 12.00
# Visual Studio Version 16
VisualStudioVersion = 16.0.31019.35
MinimumVisualStudioVersion = 10.0.40219.1
Project("{FAE04EC0-301F-11D3-BF4B-00C04F79EFBC}") = "lab5", "lab5\lab5.csproj", "{1E13C233-FD74-4CED-8BF2-0B90DD6DBB5B}"
EndProject
Global
	GlobalSection(SolutionConfigurationPlatforms) = preSolution
		Debug|Any CPU = Debug|Any CPU
		Release|Any CPU = Release|Any CPU
	EndGlobalSection
	GlobalSection(ProjectConfigurationPlatforms) = postSolution
		{1E13C233-FD74-4CED-8BF2-0B90DD6DBB5B}.Debug|Any CPU.ActiveCfg = Debug|Any CPU
		{1E13C233-FD74-4CED-8BF2-0B90DD6DBB5B}.Debug|Any CPU.Build.0 = Debug|Any CPU
		{1E13C233-FD74-4CED-8BF2-0B90DD6DBB5B}.Release|Any CPU.ActiveCfg = Release|Any CPU
		{1E13C233-FD74-4CED-8BF2-0B90DD6DBB5B}.Release|Any CPU.Build.0 = Release|Any CPU
	EndGlobalSection
	GlobalSection(SolutionProperties) = preSolution
		HideSolutionNode = FALSE
	EndGlobalSection
	GlobalSection(ExtensibilityGlobals) = postSolution
		SolutionGuid = {CC74ED1C-8755-40E3-996B-36B0E68F39FE}
	EndGlobalSection
EndGlobal
